schema: '2.0'
stages:
  load_data:
    cmd: python src/load_data.py --config=params.yaml
    deps:
    - path: data_given/heart.csv
      md5: 4ee20893ad7e2ff8ff5ed8dd0e7f37bc
      size: 38114
    - path: src/get_data.py
      md5: 49b155eca8388183f3597003de2a8213
      size: 582
    - path: src/load_data.py
      md5: 37d76ae7e1e6df96576672c9c8e4d798
      size: 489
    outs:
    - path: data/raw/heart.csv
      md5: 877bf2f14e5f33dec8ebe7d77b1d45b5
      size: 41986
  split_data:
    cmd: python src/split_data.py --config=params.yaml
    deps:
    - path: data/raw/heart.csv
      md5: 877bf2f14e5f33dec8ebe7d77b1d45b5
      size: 41986
    - path: src/split_data.py
      md5: baed1fb3490bc125e6f24890ace44366
      size: 949
    outs:
    - path: data/processed/test_heart.csv
      md5: 899b75b9c1aa6258fb6b353ebca79440
      size: 8472
    - path: data/processed/train_heart.csv
      md5: dae184a9598d45ac6ece24239b068586
      size: 33615
  train_and_evaluate:
    cmd: python src/train_and_evaluate.py --config=params.yaml
    deps:
    - path: data/processed/test_heart.csv
      md5: 899b75b9c1aa6258fb6b353ebca79440
      size: 8472
    - path: data/processed/train_heart.csv
      md5: dae184a9598d45ac6ece24239b068586
      size: 33615
    - path: src/train_and_evaluate.py
      md5: 1c1b23557219324c911fa065037e6b45
      size: 2306
    params:
      params.yaml:
        estimators.ElasticNet.params.alpha: 0.88
        estimators.ElasticNet.params.l1_ratio: 0.89
    outs:
    - path: report/params.json
      md5: 0568f34313ba7c5e55128b75dbcbee5c
      size: 43
    - path: report/scores.json
      md5: 22c470a0533112c0d0fb713de5b5dc93
      size: 96
    - path: saved_models/model.joblib
      md5: 0cdc9e8d2340c4a34a7b8d3a7791c006
      size: 842
